// !$*UTF8*$!
{
	archiveVersion = 1;
	classes = {
	};
	objectVersion = 56;
	objects = {

/* Begin PBXBuildFile section */
		5A8BD1B41E38B5D07D9D69B5 /* Pods_ToDoListYaTests.framework in Frameworks */ = {isa = PBXBuildFile; fileRef = 3F79056FF4BFB11B1037B3B4 /* Pods_ToDoListYaTests.framework */; };
		852A87042A4653C8002AA325 /* HSBColorPicker.swift in Sources */ = {isa = PBXBuildFile; fileRef = 852A87032A4653C8002AA325 /* HSBColorPicker.swift */; };
		852A87062A465479002AA325 /* ColorViewController.swift in Sources */ = {isa = PBXBuildFile; fileRef = 852A87052A465479002AA325 /* ColorViewController.swift */; };
		852A870A2A4659A5002AA325 /* ColorSelectionView.swift in Sources */ = {isa = PBXBuildFile; fileRef = 852A87092A4659A5002AA325 /* ColorSelectionView.swift */; };
		8538E0CF2A4288C3003E67E7 /* DetailView.swift in Sources */ = {isa = PBXBuildFile; fileRef = 8538E0CE2A4288C2003E67E7 /* DetailView.swift */; };
		8538E0D22A428928003E67E7 /* DetailTextVew.swift in Sources */ = {isa = PBXBuildFile; fileRef = 8538E0D12A428928003E67E7 /* DetailTextVew.swift */; };
		8538E0D42A428945003E67E7 /* PriorityView.swift in Sources */ = {isa = PBXBuildFile; fileRef = 8538E0D32A428945003E67E7 /* PriorityView.swift */; };
		8538E0D62A42896E003E67E7 /* DeadlineView.swift in Sources */ = {isa = PBXBuildFile; fileRef = 8538E0D52A42896E003E67E7 /* DeadlineView.swift */; };
		853B94122A58DD25005F2F2F /* DetailInteractor.swift in Sources */ = {isa = PBXBuildFile; fileRef = 853B94112A58DD25005F2F2F /* DetailInteractor.swift */; };
		853B94142A58E708005F2F2F /* DetailPresenter.swift in Sources */ = {isa = PBXBuildFile; fileRef = 853B94132A58E708005F2F2F /* DetailPresenter.swift */; };
		853B94182A590782005F2F2F /* RetryManager.swift in Sources */ = {isa = PBXBuildFile; fileRef = 853B94172A590782005F2F2F /* RetryManager.swift */; };
		853B94162A590408005F2F2F /* URLSessionExtension.swift in Sources */ = {isa = PBXBuildFile; fileRef = 853B94152A590408005F2F2F /* URLSessionExtension.swift */; };
		8547BD772A3D586400F3B7DA /* AppDelegate.swift in Sources */ = {isa = PBXBuildFile; fileRef = 8547BD762A3D586400F3B7DA /* AppDelegate.swift */; };
		8547BD792A3D586400F3B7DA /* SceneDelegate.swift in Sources */ = {isa = PBXBuildFile; fileRef = 8547BD782A3D586400F3B7DA /* SceneDelegate.swift */; };
		8547BD7B2A3D586400F3B7DA /* DetailViewController.swift in Sources */ = {isa = PBXBuildFile; fileRef = 8547BD7A2A3D586400F3B7DA /* DetailViewController.swift */; };
		8547BD802A3D586500F3B7DA /* Assets.xcassets in Resources */ = {isa = PBXBuildFile; fileRef = 8547BD7F2A3D586500F3B7DA /* Assets.xcassets */; };
		8547BD832A3D586500F3B7DA /* LaunchScreen.storyboard in Resources */ = {isa = PBXBuildFile; fileRef = 8547BD812A3D586500F3B7DA /* LaunchScreen.storyboard */; };
		8547BD8E2A3D586500F3B7DA /* ToDoListYaTests.swift in Sources */ = {isa = PBXBuildFile; fileRef = 8547BD8D2A3D586500F3B7DA /* ToDoListYaTests.swift */; };
		8547BD982A3D586500F3B7DA /* ToDoListYaUITests.swift in Sources */ = {isa = PBXBuildFile; fileRef = 8547BD972A3D586500F3B7DA /* ToDoListYaUITests.swift */; };
		8547BD9A2A3D586500F3B7DA /* ToDoListYaUITestsLaunchTests.swift in Sources */ = {isa = PBXBuildFile; fileRef = 8547BD992A3D586500F3B7DA /* ToDoListYaUITestsLaunchTests.swift */; };
		8547BDAD2A3D59AE00F3B7DA /* FileCache.swift in Sources */ = {isa = PBXBuildFile; fileRef = 8547BDAB2A3D59AE00F3B7DA /* FileCache.swift */; };
		8547BDB02A3D59CB00F3B7DA /* TodoItemCSVTests.swift in Sources */ = {isa = PBXBuildFile; fileRef = 8547BDAE2A3D59CB00F3B7DA /* TodoItemCSVTests.swift */; };
		8547BDB12A3D59CB00F3B7DA /* TodoItemJSONTests.swift in Sources */ = {isa = PBXBuildFile; fileRef = 8547BDAF2A3D59CB00F3B7DA /* TodoItemJSONTests.swift */; };
		8547BDB52A3D59E900F3B7DA /* Constants.swift in Sources */ = {isa = PBXBuildFile; fileRef = 8547BDB32A3D59E900F3B7DA /* Constants.swift */; };
		85BB6A3E2A45420D005A4EC4 /* ColorPickerView.swift in Sources */ = {isa = PBXBuildFile; fileRef = 85BB6A3D2A45420D005A4EC4 /* ColorPickerView.swift */; };
		85CC8DD12A4A7E55009717EC /* CocoaLumberjack in Frameworks */ = {isa = PBXBuildFile; productRef = 85CC8DD02A4A7E55009717EC /* CocoaLumberjack */; };
		85CC8DD32A4A7E55009717EC /* CocoaLumberjackSwift in Frameworks */ = {isa = PBXBuildFile; productRef = 85CC8DD22A4A7E55009717EC /* CocoaLumberjackSwift */; };
		85CC8DD52A4A7E55009717EC /* CocoaLumberjackSwiftLogBackend in Frameworks */ = {isa = PBXBuildFile; productRef = 85CC8DD42A4A7E55009717EC /* CocoaLumberjackSwiftLogBackend */; };
		85D5B3852A4CF1AA00B7149E /* ToDoListView.swift in Sources */ = {isa = PBXBuildFile; fileRef = 85D5B3842A4CF1AA00B7149E /* ToDoListView.swift */; };
		85D5B3872A4CF1D700B7149E /* TableViewManager.swift in Sources */ = {isa = PBXBuildFile; fileRef = 85D5B3862A4CF1D700B7149E /* TableViewManager.swift */; };
		85D5B3892A4CF21400B7149E /* ToDoListCell.swift in Sources */ = {isa = PBXBuildFile; fileRef = 85D5B3882A4CF21400B7149E /* ToDoListCell.swift */; };
		85D5B38B2A4D235500B7149E /* HeaderViewCell.swift in Sources */ = {isa = PBXBuildFile; fileRef = 85D5B38A2A4D235500B7149E /* HeaderViewCell.swift */; };
		85D5B38D2A4DD4AB00B7149E /* NewTodoCell.swift in Sources */ = {isa = PBXBuildFile; fileRef = 85D5B38C2A4DD4AB00B7149E /* NewTodoCell.swift */; };
		85D5B38F2A4E0B4700B7149E /* ToDoViewModel.swift in Sources */ = {isa = PBXBuildFile; fileRef = 85D5B38E2A4E0B4700B7149E /* ToDoViewModel.swift */; };
		85D5B3922A4E2ED000B7149E /* ToDolListDataFlow.swift in Sources */ = {isa = PBXBuildFile; fileRef = 85D5B3912A4E2ED000B7149E /* ToDolListDataFlow.swift */; };
		85D5B3942A4E305100B7149E /* ToDoListInteractor.swift in Sources */ = {isa = PBXBuildFile; fileRef = 85D5B3932A4E305100B7149E /* ToDoListInteractor.swift */; };
		85D5B3962A4E31BB00B7149E /* ToDoListPresenter.swift in Sources */ = {isa = PBXBuildFile; fileRef = 85D5B3952A4E31BB00B7149E /* ToDoListPresenter.swift */; };
		85D5B3982A4E322A00B7149E /* ToDoListProvider.swift in Sources */ = {isa = PBXBuildFile; fileRef = 85D5B3972A4E322A00B7149E /* ToDoListProvider.swift */; };
		85D5B39A2A4E459A00B7149E /* ToDoListModuleBuilder.swift in Sources */ = {isa = PBXBuildFile; fileRef = 85D5B3992A4E459A00B7149E /* ToDoListModuleBuilder.swift */; };
		85DC54B12A4AB1DD000EEC65 /* ToDolListViewController.swift in Sources */ = {isa = PBXBuildFile; fileRef = 85DC54B02A4AB1DD000EEC65 /* ToDolListViewController.swift */; };
		85E996262A4F42C6007AC435 /* DetailViewModuleBuilder.swift in Sources */ = {isa = PBXBuildFile; fileRef = 85E996252A4F42C6007AC435 /* DetailViewModuleBuilder.swift */; };
		85E996282A4F853D007AC435 /* PresentAnimationCell.swift in Sources */ = {isa = PBXBuildFile; fileRef = 85E996272A4F853D007AC435 /* PresentAnimationCell.swift */; };
		85E9962C2A516E31007AC435 /* NetworkService.swift in Sources */ = {isa = PBXBuildFile; fileRef = 85E9962B2A516E31007AC435 /* NetworkService.swift */; };
		85E9962F2A518CBE007AC435 /* ToDoItemsBackend.swift in Sources */ = {isa = PBXBuildFile; fileRef = 85E9962E2A518CBE007AC435 /* ToDoItemsBackend.swift */; };
		D38E118218E76748C1A3D877 /* Pods_ToDoListYa.framework in Frameworks */ = {isa = PBXBuildFile; fileRef = C8F5FFAD0BEB4DE0BC2BCE10 /* Pods_ToDoListYa.framework */; };
/* End PBXBuildFile section */

/* Begin PBXContainerItemProxy section */
		8547BD8A2A3D586500F3B7DA /* PBXContainerItemProxy */ = {
			isa = PBXContainerItemProxy;
			containerPortal = 8547BD6B2A3D586400F3B7DA /* Project object */;
			proxyType = 1;
			remoteGlobalIDString = 8547BD722A3D586400F3B7DA;
			remoteInfo = ToDoListYa;
		};
		8547BD942A3D586500F3B7DA /* PBXContainerItemProxy */ = {
			isa = PBXContainerItemProxy;
			containerPortal = 8547BD6B2A3D586400F3B7DA /* Project object */;
			proxyType = 1;
			remoteGlobalIDString = 8547BD722A3D586400F3B7DA;
			remoteInfo = ToDoListYa;
		};
/* End PBXContainerItemProxy section */

/* Begin PBXFileReference section */
		2C1BCBFC262497DBBB383BF5 /* Pods-ToDoListYa.debug.xcconfig */ = {isa = PBXFileReference; includeInIndex = 1; lastKnownFileType = text.xcconfig; name = "Pods-ToDoListYa.debug.xcconfig"; path = "Target Support Files/Pods-ToDoListYa/Pods-ToDoListYa.debug.xcconfig"; sourceTree = "<group>"; };
		3F79056FF4BFB11B1037B3B4 /* Pods_ToDoListYaTests.framework */ = {isa = PBXFileReference; explicitFileType = wrapper.framework; includeInIndex = 0; path = Pods_ToDoListYaTests.framework; sourceTree = BUILT_PRODUCTS_DIR; };
		852A87032A4653C8002AA325 /* HSBColorPicker.swift */ = {isa = PBXFileReference; lastKnownFileType = sourcecode.swift; path = HSBColorPicker.swift; sourceTree = "<group>"; };
		852A87052A465479002AA325 /* ColorViewController.swift */ = {isa = PBXFileReference; lastKnownFileType = sourcecode.swift; path = ColorViewController.swift; sourceTree = "<group>"; };
		852A87092A4659A5002AA325 /* ColorSelectionView.swift */ = {isa = PBXFileReference; lastKnownFileType = sourcecode.swift; path = ColorSelectionView.swift; sourceTree = "<group>"; };
		8538E0CE2A4288C2003E67E7 /* DetailView.swift */ = {isa = PBXFileReference; lastKnownFileType = sourcecode.swift; path = DetailView.swift; sourceTree = "<group>"; };
		8538E0D12A428928003E67E7 /* DetailTextVew.swift */ = {isa = PBXFileReference; lastKnownFileType = sourcecode.swift; path = DetailTextVew.swift; sourceTree = "<group>"; };
		8538E0D32A428945003E67E7 /* PriorityView.swift */ = {isa = PBXFileReference; lastKnownFileType = sourcecode.swift; path = PriorityView.swift; sourceTree = "<group>"; };
		8538E0D52A42896E003E67E7 /* DeadlineView.swift */ = {isa = PBXFileReference; lastKnownFileType = sourcecode.swift; path = DeadlineView.swift; sourceTree = "<group>"; };
		853B94112A58DD25005F2F2F /* DetailInteractor.swift */ = {isa = PBXFileReference; lastKnownFileType = sourcecode.swift; path = DetailInteractor.swift; sourceTree = "<group>"; };
		853B94132A58E708005F2F2F /* DetailPresenter.swift */ = {isa = PBXFileReference; lastKnownFileType = sourcecode.swift; path = DetailPresenter.swift; sourceTree = "<group>"; };
		853B94172A590782005F2F2F /* RetryManager.swift */ = {isa = PBXFileReference; lastKnownFileType = sourcecode.swift; path = RetryManager.swift; sourceTree = "<group>"; };
		853B94152A590408005F2F2F /* URLSessionExtension.swift */ = {isa = PBXFileReference; lastKnownFileType = sourcecode.swift; path = URLSessionExtension.swift; sourceTree = "<group>"; };
		8547BD732A3D586400F3B7DA /* ToDoListYa.app */ = {isa = PBXFileReference; explicitFileType = wrapper.application; includeInIndex = 0; path = ToDoListYa.app; sourceTree = BUILT_PRODUCTS_DIR; };
		8547BD762A3D586400F3B7DA /* AppDelegate.swift */ = {isa = PBXFileReference; lastKnownFileType = sourcecode.swift; path = AppDelegate.swift; sourceTree = "<group>"; };
		8547BD782A3D586400F3B7DA /* SceneDelegate.swift */ = {isa = PBXFileReference; lastKnownFileType = sourcecode.swift; path = SceneDelegate.swift; sourceTree = "<group>"; };
		8547BD7A2A3D586400F3B7DA /* DetailViewController.swift */ = {isa = PBXFileReference; lastKnownFileType = sourcecode.swift; path = DetailViewController.swift; sourceTree = "<group>"; };
		8547BD7F2A3D586500F3B7DA /* Assets.xcassets */ = {isa = PBXFileReference; lastKnownFileType = folder.assetcatalog; path = Assets.xcassets; sourceTree = "<group>"; };
		8547BD822A3D586500F3B7DA /* Base */ = {isa = PBXFileReference; lastKnownFileType = file.storyboard; name = Base; path = Base.lproj/LaunchScreen.storyboard; sourceTree = "<group>"; };
		8547BD842A3D586500F3B7DA /* Info.plist */ = {isa = PBXFileReference; lastKnownFileType = text.plist.xml; path = Info.plist; sourceTree = "<group>"; };
		8547BD892A3D586500F3B7DA /* ToDoListYaTests.xctest */ = {isa = PBXFileReference; explicitFileType = wrapper.cfbundle; includeInIndex = 0; path = ToDoListYaTests.xctest; sourceTree = BUILT_PRODUCTS_DIR; };
		8547BD8D2A3D586500F3B7DA /* ToDoListYaTests.swift */ = {isa = PBXFileReference; lastKnownFileType = sourcecode.swift; path = ToDoListYaTests.swift; sourceTree = "<group>"; };
		8547BD932A3D586500F3B7DA /* ToDoListYaUITests.xctest */ = {isa = PBXFileReference; explicitFileType = wrapper.cfbundle; includeInIndex = 0; path = ToDoListYaUITests.xctest; sourceTree = BUILT_PRODUCTS_DIR; };
		8547BD972A3D586500F3B7DA /* ToDoListYaUITests.swift */ = {isa = PBXFileReference; lastKnownFileType = sourcecode.swift; path = ToDoListYaUITests.swift; sourceTree = "<group>"; };
		8547BD992A3D586500F3B7DA /* ToDoListYaUITestsLaunchTests.swift */ = {isa = PBXFileReference; lastKnownFileType = sourcecode.swift; path = ToDoListYaUITestsLaunchTests.swift; sourceTree = "<group>"; };
		8547BDAB2A3D59AE00F3B7DA /* FileCache.swift */ = {isa = PBXFileReference; fileEncoding = 4; lastKnownFileType = sourcecode.swift; path = FileCache.swift; sourceTree = "<group>"; };
		8547BDAE2A3D59CB00F3B7DA /* TodoItemCSVTests.swift */ = {isa = PBXFileReference; fileEncoding = 4; lastKnownFileType = sourcecode.swift; path = TodoItemCSVTests.swift; sourceTree = "<group>"; };
		8547BDAF2A3D59CB00F3B7DA /* TodoItemJSONTests.swift */ = {isa = PBXFileReference; fileEncoding = 4; lastKnownFileType = sourcecode.swift; path = TodoItemJSONTests.swift; sourceTree = "<group>"; };
		8547BDB32A3D59E900F3B7DA /* Constants.swift */ = {isa = PBXFileReference; fileEncoding = 4; lastKnownFileType = sourcecode.swift; path = Constants.swift; sourceTree = "<group>"; };
		85BB6A3D2A45420D005A4EC4 /* ColorPickerView.swift */ = {isa = PBXFileReference; lastKnownFileType = sourcecode.swift; path = ColorPickerView.swift; sourceTree = "<group>"; };
		85D5B3842A4CF1AA00B7149E /* ToDoListView.swift */ = {isa = PBXFileReference; lastKnownFileType = sourcecode.swift; path = ToDoListView.swift; sourceTree = "<group>"; };
		85D5B3862A4CF1D700B7149E /* TableViewManager.swift */ = {isa = PBXFileReference; lastKnownFileType = sourcecode.swift; path = TableViewManager.swift; sourceTree = "<group>"; };
		85D5B3882A4CF21400B7149E /* ToDoListCell.swift */ = {isa = PBXFileReference; lastKnownFileType = sourcecode.swift; path = ToDoListCell.swift; sourceTree = "<group>"; };
		85D5B38A2A4D235500B7149E /* HeaderViewCell.swift */ = {isa = PBXFileReference; lastKnownFileType = sourcecode.swift; path = HeaderViewCell.swift; sourceTree = "<group>"; };
		85D5B38C2A4DD4AB00B7149E /* NewTodoCell.swift */ = {isa = PBXFileReference; lastKnownFileType = sourcecode.swift; path = NewTodoCell.swift; sourceTree = "<group>"; };
		85D5B38E2A4E0B4700B7149E /* ToDoViewModel.swift */ = {isa = PBXFileReference; lastKnownFileType = sourcecode.swift; path = ToDoViewModel.swift; sourceTree = "<group>"; };
		85D5B3912A4E2ED000B7149E /* ToDolListDataFlow.swift */ = {isa = PBXFileReference; lastKnownFileType = sourcecode.swift; path = ToDolListDataFlow.swift; sourceTree = "<group>"; };
		85D5B3932A4E305100B7149E /* ToDoListInteractor.swift */ = {isa = PBXFileReference; lastKnownFileType = sourcecode.swift; path = ToDoListInteractor.swift; sourceTree = "<group>"; };
		85D5B3952A4E31BB00B7149E /* ToDoListPresenter.swift */ = {isa = PBXFileReference; lastKnownFileType = sourcecode.swift; path = ToDoListPresenter.swift; sourceTree = "<group>"; };
		85D5B3972A4E322A00B7149E /* ToDoListProvider.swift */ = {isa = PBXFileReference; lastKnownFileType = sourcecode.swift; path = ToDoListProvider.swift; sourceTree = "<group>"; };
		85D5B3992A4E459A00B7149E /* ToDoListModuleBuilder.swift */ = {isa = PBXFileReference; lastKnownFileType = sourcecode.swift; path = ToDoListModuleBuilder.swift; sourceTree = "<group>"; };
		85DC54B02A4AB1DD000EEC65 /* ToDolListViewController.swift */ = {isa = PBXFileReference; lastKnownFileType = sourcecode.swift; path = ToDolListViewController.swift; sourceTree = "<group>"; };
		85E996252A4F42C6007AC435 /* DetailViewModuleBuilder.swift */ = {isa = PBXFileReference; lastKnownFileType = sourcecode.swift; path = DetailViewModuleBuilder.swift; sourceTree = "<group>"; };
		85E996272A4F853D007AC435 /* PresentAnimationCell.swift */ = {isa = PBXFileReference; lastKnownFileType = sourcecode.swift; path = PresentAnimationCell.swift; sourceTree = "<group>"; };
		85E9962B2A516E31007AC435 /* NetworkService.swift */ = {isa = PBXFileReference; lastKnownFileType = sourcecode.swift; path = NetworkService.swift; sourceTree = "<group>"; };
		85E9962E2A518CBE007AC435 /* ToDoItemsBackend.swift */ = {isa = PBXFileReference; lastKnownFileType = sourcecode.swift; path = ToDoItemsBackend.swift; sourceTree = "<group>"; };
		C8F5FFAD0BEB4DE0BC2BCE10 /* Pods_ToDoListYa.framework */ = {isa = PBXFileReference; explicitFileType = wrapper.framework; includeInIndex = 0; path = Pods_ToDoListYa.framework; sourceTree = BUILT_PRODUCTS_DIR; };
		E8F42731C030D7CB73AEB5C8 /* Pods-ToDoListYa.release.xcconfig */ = {isa = PBXFileReference; includeInIndex = 1; lastKnownFileType = text.xcconfig; name = "Pods-ToDoListYa.release.xcconfig"; path = "Target Support Files/Pods-ToDoListYa/Pods-ToDoListYa.release.xcconfig"; sourceTree = "<group>"; };
		ED6B0875D8E1014423DC060B /* Pods-ToDoListYaTests.debug.xcconfig */ = {isa = PBXFileReference; includeInIndex = 1; lastKnownFileType = text.xcconfig; name = "Pods-ToDoListYaTests.debug.xcconfig"; path = "Target Support Files/Pods-ToDoListYaTests/Pods-ToDoListYaTests.debug.xcconfig"; sourceTree = "<group>"; };
		FCB5F771428EC54B25349D37 /* Pods-ToDoListYaTests.release.xcconfig */ = {isa = PBXFileReference; includeInIndex = 1; lastKnownFileType = text.xcconfig; name = "Pods-ToDoListYaTests.release.xcconfig"; path = "Target Support Files/Pods-ToDoListYaTests/Pods-ToDoListYaTests.release.xcconfig"; sourceTree = "<group>"; };
/* End PBXFileReference section */

/* Begin PBXFrameworksBuildPhase section */
		8547BD702A3D586400F3B7DA /* Frameworks */ = {
			isa = PBXFrameworksBuildPhase;
			buildActionMask = 2147483647;
			files = (
				85CC8DD32A4A7E55009717EC /* CocoaLumberjackSwift in Frameworks */,
				85CC8DD52A4A7E55009717EC /* CocoaLumberjackSwiftLogBackend in Frameworks */,
				85CC8DD12A4A7E55009717EC /* CocoaLumberjack in Frameworks */,
				D38E118218E76748C1A3D877 /* Pods_ToDoListYa.framework in Frameworks */,
			);
			runOnlyForDeploymentPostprocessing = 0;
		};
		8547BD862A3D586500F3B7DA /* Frameworks */ = {
			isa = PBXFrameworksBuildPhase;
			buildActionMask = 2147483647;
			files = (
				5A8BD1B41E38B5D07D9D69B5 /* Pods_ToDoListYaTests.framework in Frameworks */,
			);
			runOnlyForDeploymentPostprocessing = 0;
		};
		8547BD902A3D586500F3B7DA /* Frameworks */ = {
			isa = PBXFrameworksBuildPhase;
			buildActionMask = 2147483647;
			files = (
			);
			runOnlyForDeploymentPostprocessing = 0;
		};
/* End PBXFrameworksBuildPhase section */

/* Begin PBXGroup section */
		5FCD806310B4F6FFBC1EC557 /* Pods */ = {
			isa = PBXGroup;
			children = (
				2C1BCBFC262497DBBB383BF5 /* Pods-ToDoListYa.debug.xcconfig */,
				E8F42731C030D7CB73AEB5C8 /* Pods-ToDoListYa.release.xcconfig */,
				ED6B0875D8E1014423DC060B /* Pods-ToDoListYaTests.debug.xcconfig */,
				FCB5F771428EC54B25349D37 /* Pods-ToDoListYaTests.release.xcconfig */,
			);
			path = Pods;
			sourceTree = "<group>";
		};
		8538E0D02A4288D2003E67E7 /* Views */ = {
			isa = PBXGroup;
			children = (
				8538E0CE2A4288C2003E67E7 /* DetailView.swift */,
				8538E0D12A428928003E67E7 /* DetailTextVew.swift */,
				8538E0D32A428945003E67E7 /* PriorityView.swift */,
				8538E0D52A42896E003E67E7 /* DeadlineView.swift */,
			);
			path = Views;
			sourceTree = "<group>";
		};
		8547BD6A2A3D586400F3B7DA = {
			isa = PBXGroup;
			children = (
				8547BD752A3D586400F3B7DA /* ToDoListYa */,
				8547BD8C2A3D586500F3B7DA /* ToDoListYaTests */,
				8547BD962A3D586500F3B7DA /* ToDoListYaUITests */,
				8547BD742A3D586400F3B7DA /* Products */,
				5FCD806310B4F6FFBC1EC557 /* Pods */,
				C05878487045E38B5A9B0782 /* Frameworks */,
			);
			sourceTree = "<group>";
		};
		8547BD742A3D586400F3B7DA /* Products */ = {
			isa = PBXGroup;
			children = (
				8547BD732A3D586400F3B7DA /* ToDoListYa.app */,
				8547BD892A3D586500F3B7DA /* ToDoListYaTests.xctest */,
				8547BD932A3D586500F3B7DA /* ToDoListYaUITests.xctest */,
			);
			name = Products;
			sourceTree = "<group>";
		};
		8547BD752A3D586400F3B7DA /* ToDoListYa */ = {
			isa = PBXGroup;
			children = (
				8547BDA62A3D589400F3B7DA /* App */,
				8547BDA92A3D59AE00F3B7DA /* Models */,
				85E9962D2A516E38007AC435 /* Services */,
				8547BDA72A3D58A200F3B7DA /* Screens */,
				8547BDB22A3D59E900F3B7DA /* Helpers */,
				8547BDA82A3D58B100F3B7DA /* Resources */,
			);
			path = ToDoListYa;
			sourceTree = "<group>";
		};
		8547BD8C2A3D586500F3B7DA /* ToDoListYaTests */ = {
			isa = PBXGroup;
			children = (
				8547BDAE2A3D59CB00F3B7DA /* TodoItemCSVTests.swift */,
				8547BDAF2A3D59CB00F3B7DA /* TodoItemJSONTests.swift */,
				8547BD8D2A3D586500F3B7DA /* ToDoListYaTests.swift */,
			);
			path = ToDoListYaTests;
			sourceTree = "<group>";
		};
		8547BD962A3D586500F3B7DA /* ToDoListYaUITests */ = {
			isa = PBXGroup;
			children = (
				8547BD972A3D586500F3B7DA /* ToDoListYaUITests.swift */,
				8547BD992A3D586500F3B7DA /* ToDoListYaUITestsLaunchTests.swift */,
			);
			path = ToDoListYaUITests;
			sourceTree = "<group>";
		};
		8547BDA62A3D589400F3B7DA /* App */ = {
			isa = PBXGroup;
			children = (
				8547BD762A3D586400F3B7DA /* AppDelegate.swift */,
				8547BD782A3D586400F3B7DA /* SceneDelegate.swift */,
			);
			path = App;
			sourceTree = "<group>";
		};
		8547BDA72A3D58A200F3B7DA /* Screens */ = {
			isa = PBXGroup;
			children = (
				85D5B3832A4CF14000B7149E /* ToDoListScreen */,
				85D5B3822A4CF12C00B7149E /* DetailViewScreen */,
				85E996302A522B09007AC435 /* ColorViewController */,
				8547BD812A3D586500F3B7DA /* LaunchScreen.storyboard */,
			);
			path = Screens;
			sourceTree = "<group>";
		};
		8547BDA82A3D58B100F3B7DA /* Resources */ = {
			isa = PBXGroup;
			children = (
				8547BD7F2A3D586500F3B7DA /* Assets.xcassets */,
				8547BD842A3D586500F3B7DA /* Info.plist */,
			);
			path = Resources;
			sourceTree = "<group>";
		};
		8547BDA92A3D59AE00F3B7DA /* Models */ = {
			isa = PBXGroup;
			children = (
				8547BDAB2A3D59AE00F3B7DA /* FileCache.swift */,
				85D5B38E2A4E0B4700B7149E /* ToDoViewModel.swift */,
			);
			path = Models;
			sourceTree = "<group>";
		};
		8547BDB22A3D59E900F3B7DA /* Helpers */ = {
			isa = PBXGroup;
			children = (
				8547BDB32A3D59E900F3B7DA /* Constants.swift */,
				853B94152A590408005F2F2F /* URLSessionExtension.swift */,
			);
			path = Helpers;
			sourceTree = "<group>";
		};
		85D5B3822A4CF12C00B7149E /* DetailViewScreen */ = {
			isa = PBXGroup;
			children = (
				8547BD7A2A3D586400F3B7DA /* DetailViewController.swift */,
				853B94112A58DD25005F2F2F /* DetailInteractor.swift */,
				853B94132A58E708005F2F2F /* DetailPresenter.swift */,
				85E996252A4F42C6007AC435 /* DetailViewModuleBuilder.swift */,
				8538E0D02A4288D2003E67E7 /* Views */,
			);
			path = DetailViewScreen;
			sourceTree = "<group>";
		};
		85D5B3832A4CF14000B7149E /* ToDoListScreen */ = {
			isa = PBXGroup;
			children = (
				85DC54B02A4AB1DD000EEC65 /* ToDolListViewController.swift */,
				85D5B3912A4E2ED000B7149E /* ToDolListDataFlow.swift */,
				85D5B3932A4E305100B7149E /* ToDoListInteractor.swift */,
				85D5B3952A4E31BB00B7149E /* ToDoListPresenter.swift */,
				85D5B3972A4E322A00B7149E /* ToDoListProvider.swift */,
				85D5B3992A4E459A00B7149E /* ToDoListModuleBuilder.swift */,
				85E996272A4F853D007AC435 /* PresentAnimationCell.swift */,
				85D5B3902A4E2BA200B7149E /* Views */,
			);
			path = ToDoListScreen;
			sourceTree = "<group>";
		};
		85D5B3902A4E2BA200B7149E /* Views */ = {
			isa = PBXGroup;
			children = (
				85D5B3842A4CF1AA00B7149E /* ToDoListView.swift */,
				85D5B3862A4CF1D700B7149E /* TableViewManager.swift */,
				85D5B38A2A4D235500B7149E /* HeaderViewCell.swift */,
				85D5B3882A4CF21400B7149E /* ToDoListCell.swift */,
				85D5B38C2A4DD4AB00B7149E /* NewTodoCell.swift */,
			);
			path = Views;
			sourceTree = "<group>";
		};
		85E9962D2A516E38007AC435 /* Services */ = {
			isa = PBXGroup;
			children = (
				85E9962B2A516E31007AC435 /* NetworkService.swift */,
				85E9962E2A518CBE007AC435 /* ToDoItemsBackend.swift */,
				853B94172A590782005F2F2F /* RetryManager.swift */,
			);
			path = Services;
			sourceTree = "<group>";
		};
		85E996302A522B09007AC435 /* ColorViewController */ = {
			isa = PBXGroup;
			children = (
				85BB6A3D2A45420D005A4EC4 /* ColorPickerView.swift */,
				852A87052A465479002AA325 /* ColorViewController.swift */,
				852A87092A4659A5002AA325 /* ColorSelectionView.swift */,
				852A87032A4653C8002AA325 /* HSBColorPicker.swift */,
			);
			path = ColorViewController;
			sourceTree = "<group>";
		};
		C05878487045E38B5A9B0782 /* Frameworks */ = {
			isa = PBXGroup;
			children = (
				C8F5FFAD0BEB4DE0BC2BCE10 /* Pods_ToDoListYa.framework */,
				3F79056FF4BFB11B1037B3B4 /* Pods_ToDoListYaTests.framework */,
			);
			name = Frameworks;
			sourceTree = "<group>";
		};
/* End PBXGroup section */

/* Begin PBXNativeTarget section */
		8547BD722A3D586400F3B7DA /* ToDoListYa */ = {
			isa = PBXNativeTarget;
			buildConfigurationList = 8547BD9D2A3D586500F3B7DA /* Build configuration list for PBXNativeTarget "ToDoListYa" */;
			buildPhases = (
				E18926DB2F77C44FAEE8911D /* [CP] Check Pods Manifest.lock */,
				85EEDF1C2A4A930A00D86AB3 /* ShellScript */,
				8547BD6F2A3D586400F3B7DA /* Sources */,
				8547BD702A3D586400F3B7DA /* Frameworks */,
				8547BD712A3D586400F3B7DA /* Resources */,
				065CF244095682F9BA1BE1BC /* [CP] Embed Pods Frameworks */,
			);
			buildRules = (
			);
			dependencies = (
			);
			name = ToDoListYa;
			packageProductDependencies = (
				85CC8DD02A4A7E55009717EC /* CocoaLumberjack */,
				85CC8DD22A4A7E55009717EC /* CocoaLumberjackSwift */,
				85CC8DD42A4A7E55009717EC /* CocoaLumberjackSwiftLogBackend */,
			);
			productName = ToDoListYa;
			productReference = 8547BD732A3D586400F3B7DA /* ToDoListYa.app */;
			productType = "com.apple.product-type.application";
		};
		8547BD882A3D586500F3B7DA /* ToDoListYaTests */ = {
			isa = PBXNativeTarget;
			buildConfigurationList = 8547BDA02A3D586500F3B7DA /* Build configuration list for PBXNativeTarget "ToDoListYaTests" */;
			buildPhases = (
				B8FA0CFAB36A039AB5624576 /* [CP] Check Pods Manifest.lock */,
				8547BD852A3D586500F3B7DA /* Sources */,
				8547BD862A3D586500F3B7DA /* Frameworks */,
				8547BD872A3D586500F3B7DA /* Resources */,
			);
			buildRules = (
			);
			dependencies = (
				8547BD8B2A3D586500F3B7DA /* PBXTargetDependency */,
			);
			name = ToDoListYaTests;
			productName = ToDoListYaTests;
			productReference = 8547BD892A3D586500F3B7DA /* ToDoListYaTests.xctest */;
			productType = "com.apple.product-type.bundle.unit-test";
		};
		8547BD922A3D586500F3B7DA /* ToDoListYaUITests */ = {
			isa = PBXNativeTarget;
			buildConfigurationList = 8547BDA32A3D586500F3B7DA /* Build configuration list for PBXNativeTarget "ToDoListYaUITests" */;
			buildPhases = (
				8547BD8F2A3D586500F3B7DA /* Sources */,
				8547BD902A3D586500F3B7DA /* Frameworks */,
				8547BD912A3D586500F3B7DA /* Resources */,
			);
			buildRules = (
			);
			dependencies = (
				8547BD952A3D586500F3B7DA /* PBXTargetDependency */,
			);
			name = ToDoListYaUITests;
			productName = ToDoListYaUITests;
			productReference = 8547BD932A3D586500F3B7DA /* ToDoListYaUITests.xctest */;
			productType = "com.apple.product-type.bundle.ui-testing";
		};
/* End PBXNativeTarget section */

/* Begin PBXProject section */
		8547BD6B2A3D586400F3B7DA /* Project object */ = {
			isa = PBXProject;
			attributes = {
				BuildIndependentTargetsInParallel = 1;
				LastSwiftUpdateCheck = 1430;
				LastUpgradeCheck = 1430;
				TargetAttributes = {
					8547BD722A3D586400F3B7DA = {
						CreatedOnToolsVersion = 14.3;
					};
					8547BD882A3D586500F3B7DA = {
						CreatedOnToolsVersion = 14.3;
						TestTargetID = 8547BD722A3D586400F3B7DA;
					};
					8547BD922A3D586500F3B7DA = {
						CreatedOnToolsVersion = 14.3;
						TestTargetID = 8547BD722A3D586400F3B7DA;
					};
				};
			};
			buildConfigurationList = 8547BD6E2A3D586400F3B7DA /* Build configuration list for PBXProject "ToDoListYa" */;
			compatibilityVersion = "Xcode 14.0";
			developmentRegion = en;
			hasScannedForEncodings = 0;
			knownRegions = (
				en,
				Base,
			);
			mainGroup = 8547BD6A2A3D586400F3B7DA;
			packageReferences = (
				85CC8DCF2A4A7E55009717EC /* XCRemoteSwiftPackageReference "CocoaLumberjack" */,
			);
			productRefGroup = 8547BD742A3D586400F3B7DA /* Products */;
			projectDirPath = "";
			projectRoot = "";
			targets = (
				8547BD722A3D586400F3B7DA /* ToDoListYa */,
				8547BD882A3D586500F3B7DA /* ToDoListYaTests */,
				8547BD922A3D586500F3B7DA /* ToDoListYaUITests */,
			);
		};
/* End PBXProject section */

/* Begin PBXResourcesBuildPhase section */
		8547BD712A3D586400F3B7DA /* Resources */ = {
			isa = PBXResourcesBuildPhase;
			buildActionMask = 2147483647;
			files = (
				8547BD832A3D586500F3B7DA /* LaunchScreen.storyboard in Resources */,
				8547BD802A3D586500F3B7DA /* Assets.xcassets in Resources */,
			);
			runOnlyForDeploymentPostprocessing = 0;
		};
		8547BD872A3D586500F3B7DA /* Resources */ = {
			isa = PBXResourcesBuildPhase;
			buildActionMask = 2147483647;
			files = (
			);
			runOnlyForDeploymentPostprocessing = 0;
		};
		8547BD912A3D586500F3B7DA /* Resources */ = {
			isa = PBXResourcesBuildPhase;
			buildActionMask = 2147483647;
			files = (
			);
			runOnlyForDeploymentPostprocessing = 0;
		};
/* End PBXResourcesBuildPhase section */

/* Begin PBXShellScriptBuildPhase section */
		065CF244095682F9BA1BE1BC /* [CP] Embed Pods Frameworks */ = {
			isa = PBXShellScriptBuildPhase;
			buildActionMask = 2147483647;
			files = (
			);
			inputFileListPaths = (
				"${PODS_ROOT}/Target Support Files/Pods-ToDoListYa/Pods-ToDoListYa-frameworks-${CONFIGURATION}-input-files.xcfilelist",
			);
			name = "[CP] Embed Pods Frameworks";
			outputFileListPaths = (
				"${PODS_ROOT}/Target Support Files/Pods-ToDoListYa/Pods-ToDoListYa-frameworks-${CONFIGURATION}-output-files.xcfilelist",
			);
			runOnlyForDeploymentPostprocessing = 0;
			shellPath = /bin/sh;
			shellScript = "\"${PODS_ROOT}/Target Support Files/Pods-ToDoListYa/Pods-ToDoListYa-frameworks.sh\"\n";
			showEnvVarsInLog = 0;
		};
		85EEDF1C2A4A930A00D86AB3 /* ShellScript */ = {
			isa = PBXShellScriptBuildPhase;
			buildActionMask = 2147483647;
			files = (
			);
			inputFileListPaths = (
			);
			inputPaths = (
			);
			outputFileListPaths = (
			);
			outputPaths = (
			);
			runOnlyForDeploymentPostprocessing = 0;
			shellPath = /bin/sh;
			shellScript = "${PODS_ROOT}/SwiftLint/swiftlint\n";
		};
		B8FA0CFAB36A039AB5624576 /* [CP] Check Pods Manifest.lock */ = {
			isa = PBXShellScriptBuildPhase;
			buildActionMask = 2147483647;
			files = (
			);
			inputFileListPaths = (
			);
			inputPaths = (
				"${PODS_PODFILE_DIR_PATH}/Podfile.lock",
				"${PODS_ROOT}/Manifest.lock",
			);
			name = "[CP] Check Pods Manifest.lock";
			outputFileListPaths = (
			);
			outputPaths = (
				"$(DERIVED_FILE_DIR)/Pods-ToDoListYaTests-checkManifestLockResult.txt",
			);
			runOnlyForDeploymentPostprocessing = 0;
			shellPath = /bin/sh;
			shellScript = "diff \"${PODS_PODFILE_DIR_PATH}/Podfile.lock\" \"${PODS_ROOT}/Manifest.lock\" > /dev/null\nif [ $? != 0 ] ; then\n    # print error to STDERR\n    echo \"error: The sandbox is not in sync with the Podfile.lock. Run 'pod install' or update your CocoaPods installation.\" >&2\n    exit 1\nfi\n# This output is used by Xcode 'outputs' to avoid re-running this script phase.\necho \"SUCCESS\" > \"${SCRIPT_OUTPUT_FILE_0}\"\n";
			showEnvVarsInLog = 0;
		};
		E18926DB2F77C44FAEE8911D /* [CP] Check Pods Manifest.lock */ = {
			isa = PBXShellScriptBuildPhase;
			buildActionMask = 2147483647;
			files = (
			);
			inputFileListPaths = (
			);
			inputPaths = (
				"${PODS_PODFILE_DIR_PATH}/Podfile.lock",
				"${PODS_ROOT}/Manifest.lock",
			);
			name = "[CP] Check Pods Manifest.lock";
			outputFileListPaths = (
			);
			outputPaths = (
				"$(DERIVED_FILE_DIR)/Pods-ToDoListYa-checkManifestLockResult.txt",
			);
			runOnlyForDeploymentPostprocessing = 0;
			shellPath = /bin/sh;
			shellScript = "diff \"${PODS_PODFILE_DIR_PATH}/Podfile.lock\" \"${PODS_ROOT}/Manifest.lock\" > /dev/null\nif [ $? != 0 ] ; then\n    # print error to STDERR\n    echo \"error: The sandbox is not in sync with the Podfile.lock. Run 'pod install' or update your CocoaPods installation.\" >&2\n    exit 1\nfi\n# This output is used by Xcode 'outputs' to avoid re-running this script phase.\necho \"SUCCESS\" > \"${SCRIPT_OUTPUT_FILE_0}\"\n";
			showEnvVarsInLog = 0;
		};
/* End PBXShellScriptBuildPhase section */

/* Begin PBXSourcesBuildPhase section */
		8547BD6F2A3D586400F3B7DA /* Sources */ = {
			isa = PBXSourcesBuildPhase;
			buildActionMask = 2147483647;
			files = (
				8547BD7B2A3D586400F3B7DA /* DetailViewController.swift in Sources */,
				85D5B38B2A4D235500B7149E /* HeaderViewCell.swift in Sources */,
				8538E0D42A428945003E67E7 /* PriorityView.swift in Sources */,
				85D5B3962A4E31BB00B7149E /* ToDoListPresenter.swift in Sources */,
				852A870A2A4659A5002AA325 /* ColorSelectionView.swift in Sources */,
				852A87042A4653C8002AA325 /* HSBColorPicker.swift in Sources */,
				85E9962C2A516E31007AC435 /* NetworkService.swift in Sources */,
				85DC54B12A4AB1DD000EEC65 /* ToDolListViewController.swift in Sources */,
				85D5B38F2A4E0B4700B7149E /* ToDoViewModel.swift in Sources */,
				853B94162A590408005F2F2F /* URLSessionExtension.swift in Sources */,
				85E996282A4F853D007AC435 /* PresentAnimationCell.swift in Sources */,
				85E996262A4F42C6007AC435 /* DetailViewModuleBuilder.swift in Sources */,
				852A87062A465479002AA325 /* ColorViewController.swift in Sources */,
				8547BD772A3D586400F3B7DA /* AppDelegate.swift in Sources */,
				8547BDAD2A3D59AE00F3B7DA /* FileCache.swift in Sources */,
				8547BD792A3D586400F3B7DA /* SceneDelegate.swift in Sources */,
				85D5B3852A4CF1AA00B7149E /* ToDoListView.swift in Sources */,
				8547BDB52A3D59E900F3B7DA /* Constants.swift in Sources */,
				85D5B3922A4E2ED000B7149E /* ToDolListDataFlow.swift in Sources */,
				8538E0D62A42896E003E67E7 /* DeadlineView.swift in Sources */,
				85BB6A3E2A45420D005A4EC4 /* ColorPickerView.swift in Sources */,
				85D5B38D2A4DD4AB00B7149E /* NewTodoCell.swift in Sources */,
				853B94142A58E708005F2F2F /* DetailPresenter.swift in Sources */,
				853B94122A58DD25005F2F2F /* DetailInteractor.swift in Sources */,
				8538E0CF2A4288C3003E67E7 /* DetailView.swift in Sources */,
				8538E0D22A428928003E67E7 /* DetailTextVew.swift in Sources */,
				85D5B3892A4CF21400B7149E /* ToDoListCell.swift in Sources */,
				85D5B39A2A4E459A00B7149E /* ToDoListModuleBuilder.swift in Sources */,
				85D5B3942A4E305100B7149E /* ToDoListInteractor.swift in Sources */,
				85E9962F2A518CBE007AC435 /* ToDoItemsBackend.swift in Sources */,
				85D5B3982A4E322A00B7149E /* ToDoListProvider.swift in Sources */,
				853B94182A590782005F2F2F /* RetryManager.swift in Sources */,
				85D5B3872A4CF1D700B7149E /* TableViewManager.swift in Sources */,
			);
			runOnlyForDeploymentPostprocessing = 0;
		};
		8547BD852A3D586500F3B7DA /* Sources */ = {
			isa = PBXSourcesBuildPhase;
			buildActionMask = 2147483647;
			files = (
				8547BD8E2A3D586500F3B7DA /* ToDoListYaTests.swift in Sources */,
				8547BDB12A3D59CB00F3B7DA /* TodoItemJSONTests.swift in Sources */,
				8547BDB02A3D59CB00F3B7DA /* TodoItemCSVTests.swift in Sources */,
			);
			runOnlyForDeploymentPostprocessing = 0;
		};
		8547BD8F2A3D586500F3B7DA /* Sources */ = {
			isa = PBXSourcesBuildPhase;
			buildActionMask = 2147483647;
			files = (
				8547BD9A2A3D586500F3B7DA /* ToDoListYaUITestsLaunchTests.swift in Sources */,
				8547BD982A3D586500F3B7DA /* ToDoListYaUITests.swift in Sources */,
			);
			runOnlyForDeploymentPostprocessing = 0;
		};
/* End PBXSourcesBuildPhase section */

/* Begin PBXTargetDependency section */
		8547BD8B2A3D586500F3B7DA /* PBXTargetDependency */ = {
			isa = PBXTargetDependency;
			target = 8547BD722A3D586400F3B7DA /* ToDoListYa */;
			targetProxy = 8547BD8A2A3D586500F3B7DA /* PBXContainerItemProxy */;
		};
		8547BD952A3D586500F3B7DA /* PBXTargetDependency */ = {
			isa = PBXTargetDependency;
			target = 8547BD722A3D586400F3B7DA /* ToDoListYa */;
			targetProxy = 8547BD942A3D586500F3B7DA /* PBXContainerItemProxy */;
		};
/* End PBXTargetDependency section */

/* Begin PBXVariantGroup section */
		8547BD812A3D586500F3B7DA /* LaunchScreen.storyboard */ = {
			isa = PBXVariantGroup;
			children = (
				8547BD822A3D586500F3B7DA /* Base */,
			);
			name = LaunchScreen.storyboard;
			sourceTree = "<group>";
		};
/* End PBXVariantGroup section */

/* Begin XCBuildConfiguration section */
		8547BD9B2A3D586500F3B7DA /* Debug */ = {
			isa = XCBuildConfiguration;
			buildSettings = {
				ALWAYS_SEARCH_USER_PATHS = NO;
				CLANG_ANALYZER_NONNULL = YES;
				CLANG_ANALYZER_NUMBER_OBJECT_CONVERSION = YES_AGGRESSIVE;
				CLANG_CXX_LANGUAGE_STANDARD = "gnu++20";
				CLANG_ENABLE_MODULES = YES;
				CLANG_ENABLE_OBJC_ARC = YES;
				CLANG_ENABLE_OBJC_WEAK = YES;
				CLANG_WARN_BLOCK_CAPTURE_AUTORELEASING = YES;
				CLANG_WARN_BOOL_CONVERSION = YES;
				CLANG_WARN_COMMA = YES;
				CLANG_WARN_CONSTANT_CONVERSION = YES;
				CLANG_WARN_DEPRECATED_OBJC_IMPLEMENTATIONS = YES;
				CLANG_WARN_DIRECT_OBJC_ISA_USAGE = YES_ERROR;
				CLANG_WARN_DOCUMENTATION_COMMENTS = YES;
				CLANG_WARN_EMPTY_BODY = YES;
				CLANG_WARN_ENUM_CONVERSION = YES;
				CLANG_WARN_INFINITE_RECURSION = YES;
				CLANG_WARN_INT_CONVERSION = YES;
				CLANG_WARN_NON_LITERAL_NULL_CONVERSION = YES;
				CLANG_WARN_OBJC_IMPLICIT_RETAIN_SELF = YES;
				CLANG_WARN_OBJC_LITERAL_CONVERSION = YES;
				CLANG_WARN_OBJC_ROOT_CLASS = YES_ERROR;
				CLANG_WARN_QUOTED_INCLUDE_IN_FRAMEWORK_HEADER = YES;
				CLANG_WARN_RANGE_LOOP_ANALYSIS = YES;
				CLANG_WARN_STRICT_PROTOTYPES = YES;
				CLANG_WARN_SUSPICIOUS_MOVE = YES;
				CLANG_WARN_UNGUARDED_AVAILABILITY = YES_AGGRESSIVE;
				CLANG_WARN_UNREACHABLE_CODE = YES;
				CLANG_WARN__DUPLICATE_METHOD_MATCH = YES;
				COPY_PHASE_STRIP = NO;
				DEBUG_INFORMATION_FORMAT = dwarf;
				ENABLE_STRICT_OBJC_MSGSEND = YES;
				ENABLE_TESTABILITY = YES;
				GCC_C_LANGUAGE_STANDARD = gnu11;
				GCC_DYNAMIC_NO_PIC = NO;
				GCC_NO_COMMON_BLOCKS = YES;
				GCC_OPTIMIZATION_LEVEL = 0;
				GCC_PREPROCESSOR_DEFINITIONS = (
					"DEBUG=1",
					"$(inherited)",
				);
				GCC_WARN_64_TO_32_BIT_CONVERSION = YES;
				GCC_WARN_ABOUT_RETURN_TYPE = YES_ERROR;
				GCC_WARN_UNDECLARED_SELECTOR = YES;
				GCC_WARN_UNINITIALIZED_AUTOS = YES_AGGRESSIVE;
				GCC_WARN_UNUSED_FUNCTION = YES;
				GCC_WARN_UNUSED_VARIABLE = YES;
				IPHONEOS_DEPLOYMENT_TARGET = 15.0;
				MTL_ENABLE_DEBUG_INFO = INCLUDE_SOURCE;
				MTL_FAST_MATH = YES;
				ONLY_ACTIVE_ARCH = YES;
				SDKROOT = iphoneos;
				SWIFT_ACTIVE_COMPILATION_CONDITIONS = DEBUG;
				SWIFT_OPTIMIZATION_LEVEL = "-Onone";
			};
			name = Debug;
		};
		8547BD9C2A3D586500F3B7DA /* Release */ = {
			isa = XCBuildConfiguration;
			buildSettings = {
				ALWAYS_SEARCH_USER_PATHS = NO;
				CLANG_ANALYZER_NONNULL = YES;
				CLANG_ANALYZER_NUMBER_OBJECT_CONVERSION = YES_AGGRESSIVE;
				CLANG_CXX_LANGUAGE_STANDARD = "gnu++20";
				CLANG_ENABLE_MODULES = YES;
				CLANG_ENABLE_OBJC_ARC = YES;
				CLANG_ENABLE_OBJC_WEAK = YES;
				CLANG_WARN_BLOCK_CAPTURE_AUTORELEASING = YES;
				CLANG_WARN_BOOL_CONVERSION = YES;
				CLANG_WARN_COMMA = YES;
				CLANG_WARN_CONSTANT_CONVERSION = YES;
				CLANG_WARN_DEPRECATED_OBJC_IMPLEMENTATIONS = YES;
				CLANG_WARN_DIRECT_OBJC_ISA_USAGE = YES_ERROR;
				CLANG_WARN_DOCUMENTATION_COMMENTS = YES;
				CLANG_WARN_EMPTY_BODY = YES;
				CLANG_WARN_ENUM_CONVERSION = YES;
				CLANG_WARN_INFINITE_RECURSION = YES;
				CLANG_WARN_INT_CONVERSION = YES;
				CLANG_WARN_NON_LITERAL_NULL_CONVERSION = YES;
				CLANG_WARN_OBJC_IMPLICIT_RETAIN_SELF = YES;
				CLANG_WARN_OBJC_LITERAL_CONVERSION = YES;
				CLANG_WARN_OBJC_ROOT_CLASS = YES_ERROR;
				CLANG_WARN_QUOTED_INCLUDE_IN_FRAMEWORK_HEADER = YES;
				CLANG_WARN_RANGE_LOOP_ANALYSIS = YES;
				CLANG_WARN_STRICT_PROTOTYPES = YES;
				CLANG_WARN_SUSPICIOUS_MOVE = YES;
				CLANG_WARN_UNGUARDED_AVAILABILITY = YES_AGGRESSIVE;
				CLANG_WARN_UNREACHABLE_CODE = YES;
				CLANG_WARN__DUPLICATE_METHOD_MATCH = YES;
				COPY_PHASE_STRIP = NO;
				DEBUG_INFORMATION_FORMAT = "dwarf-with-dsym";
				ENABLE_NS_ASSERTIONS = NO;
				ENABLE_STRICT_OBJC_MSGSEND = YES;
				GCC_C_LANGUAGE_STANDARD = gnu11;
				GCC_NO_COMMON_BLOCKS = YES;
				GCC_WARN_64_TO_32_BIT_CONVERSION = YES;
				GCC_WARN_ABOUT_RETURN_TYPE = YES_ERROR;
				GCC_WARN_UNDECLARED_SELECTOR = YES;
				GCC_WARN_UNINITIALIZED_AUTOS = YES_AGGRESSIVE;
				GCC_WARN_UNUSED_FUNCTION = YES;
				GCC_WARN_UNUSED_VARIABLE = YES;
				IPHONEOS_DEPLOYMENT_TARGET = 15.0;
				MTL_ENABLE_DEBUG_INFO = NO;
				MTL_FAST_MATH = YES;
				SDKROOT = iphoneos;
				SWIFT_COMPILATION_MODE = wholemodule;
				SWIFT_OPTIMIZATION_LEVEL = "-O";
				VALIDATE_PRODUCT = YES;
			};
			name = Release;
		};
		8547BD9E2A3D586500F3B7DA /* Debug */ = {
			isa = XCBuildConfiguration;
			baseConfigurationReference = 2C1BCBFC262497DBBB383BF5 /* Pods-ToDoListYa.debug.xcconfig */;
			buildSettings = {
				ASSETCATALOG_COMPILER_APPICON_NAME = AppIcon;
				ASSETCATALOG_COMPILER_GLOBAL_ACCENT_COLOR_NAME = AccentColor;
				CODE_SIGN_STYLE = Automatic;
				CURRENT_PROJECT_VERSION = 1;
				DEVELOPMENT_TEAM = 4DHB28A3AA;
				GENERATE_INFOPLIST_FILE = YES;
				INFOPLIST_FILE = ToDoListYa/Resources/Info.plist;
				INFOPLIST_KEY_UIApplicationSupportsIndirectInputEvents = YES;
				INFOPLIST_KEY_UILaunchStoryboardName = LaunchScreen;
				INFOPLIST_KEY_UISupportedInterfaceOrientations_iPad = "UIInterfaceOrientationPortrait UIInterfaceOrientationPortraitUpsideDown UIInterfaceOrientationLandscapeLeft UIInterfaceOrientationLandscapeRight";
				INFOPLIST_KEY_UISupportedInterfaceOrientations_iPhone = "UIInterfaceOrientationPortrait UIInterfaceOrientationLandscapeLeft UIInterfaceOrientationLandscapeRight";
				LD_RUNPATH_SEARCH_PATHS = (
					"$(inherited)",
					"@executable_path/Frameworks",
				);
				MARKETING_VERSION = 1.0;
				PRODUCT_BUNDLE_IDENTIFIER = KseniaKobak.ToDoListYa;
				PRODUCT_NAME = "$(TARGET_NAME)";
				SWIFT_EMIT_LOC_STRINGS = YES;
				SWIFT_VERSION = 5.0;
				TARGETED_DEVICE_FAMILY = "1,2";
			};
			name = Debug;
		};
		8547BD9F2A3D586500F3B7DA /* Release */ = {
			isa = XCBuildConfiguration;
			baseConfigurationReference = E8F42731C030D7CB73AEB5C8 /* Pods-ToDoListYa.release.xcconfig */;
			buildSettings = {
				ASSETCATALOG_COMPILER_APPICON_NAME = AppIcon;
				ASSETCATALOG_COMPILER_GLOBAL_ACCENT_COLOR_NAME = AccentColor;
				CODE_SIGN_STYLE = Automatic;
				CURRENT_PROJECT_VERSION = 1;
				DEVELOPMENT_TEAM = 4DHB28A3AA;
				GENERATE_INFOPLIST_FILE = YES;
				INFOPLIST_FILE = ToDoListYa/Resources/Info.plist;
				INFOPLIST_KEY_UIApplicationSupportsIndirectInputEvents = YES;
				INFOPLIST_KEY_UILaunchStoryboardName = LaunchScreen;
				INFOPLIST_KEY_UISupportedInterfaceOrientations_iPad = "UIInterfaceOrientationPortrait UIInterfaceOrientationPortraitUpsideDown UIInterfaceOrientationLandscapeLeft UIInterfaceOrientationLandscapeRight";
				INFOPLIST_KEY_UISupportedInterfaceOrientations_iPhone = "UIInterfaceOrientationPortrait UIInterfaceOrientationLandscapeLeft UIInterfaceOrientationLandscapeRight";
				LD_RUNPATH_SEARCH_PATHS = (
					"$(inherited)",
					"@executable_path/Frameworks",
				);
				MARKETING_VERSION = 1.0;
				PRODUCT_BUNDLE_IDENTIFIER = KseniaKobak.ToDoListYa;
				PRODUCT_NAME = "$(TARGET_NAME)";
				SWIFT_EMIT_LOC_STRINGS = YES;
				SWIFT_VERSION = 5.0;
				TARGETED_DEVICE_FAMILY = "1,2";
			};
			name = Release;
		};
		8547BDA12A3D586500F3B7DA /* Debug */ = {
			isa = XCBuildConfiguration;
			baseConfigurationReference = ED6B0875D8E1014423DC060B /* Pods-ToDoListYaTests.debug.xcconfig */;
			buildSettings = {
				ALWAYS_EMBED_SWIFT_STANDARD_LIBRARIES = YES;
				BUNDLE_LOADER = "$(TEST_HOST)";
				CODE_SIGN_STYLE = Automatic;
				CURRENT_PROJECT_VERSION = 1;
				DEVELOPMENT_TEAM = 4DHB28A3AA;
				GENERATE_INFOPLIST_FILE = YES;
				IPHONEOS_DEPLOYMENT_TARGET = 16.4;
				MARKETING_VERSION = 1.0;
				PRODUCT_BUNDLE_IDENTIFIER = KseniaKobak.ToDoListYaTests;
				PRODUCT_NAME = "$(TARGET_NAME)";
				SWIFT_EMIT_LOC_STRINGS = NO;
				SWIFT_VERSION = 5.0;
				TARGETED_DEVICE_FAMILY = "1,2";
				TEST_HOST = "$(BUILT_PRODUCTS_DIR)/ToDoListYa.app/$(BUNDLE_EXECUTABLE_FOLDER_PATH)/ToDoListYa";
			};
			name = Debug;
		};
		8547BDA22A3D586500F3B7DA /* Release */ = {
			isa = XCBuildConfiguration;
			baseConfigurationReference = FCB5F771428EC54B25349D37 /* Pods-ToDoListYaTests.release.xcconfig */;
			buildSettings = {
				ALWAYS_EMBED_SWIFT_STANDARD_LIBRARIES = YES;
				BUNDLE_LOADER = "$(TEST_HOST)";
				CODE_SIGN_STYLE = Automatic;
				CURRENT_PROJECT_VERSION = 1;
				DEVELOPMENT_TEAM = 4DHB28A3AA;
				GENERATE_INFOPLIST_FILE = YES;
				IPHONEOS_DEPLOYMENT_TARGET = 16.4;
				MARKETING_VERSION = 1.0;
				PRODUCT_BUNDLE_IDENTIFIER = KseniaKobak.ToDoListYaTests;
				PRODUCT_NAME = "$(TARGET_NAME)";
				SWIFT_EMIT_LOC_STRINGS = NO;
				SWIFT_VERSION = 5.0;
				TARGETED_DEVICE_FAMILY = "1,2";
				TEST_HOST = "$(BUILT_PRODUCTS_DIR)/ToDoListYa.app/$(BUNDLE_EXECUTABLE_FOLDER_PATH)/ToDoListYa";
			};
			name = Release;
		};
		8547BDA42A3D586500F3B7DA /* Debug */ = {
			isa = XCBuildConfiguration;
			buildSettings = {
				ALWAYS_EMBED_SWIFT_STANDARD_LIBRARIES = YES;
				CODE_SIGN_STYLE = Automatic;
				CURRENT_PROJECT_VERSION = 1;
				DEVELOPMENT_TEAM = 4DHB28A3AA;
				GENERATE_INFOPLIST_FILE = YES;
				MARKETING_VERSION = 1.0;
				PRODUCT_BUNDLE_IDENTIFIER = KseniaKobak.ToDoListYaUITests;
				PRODUCT_NAME = "$(TARGET_NAME)";
				SWIFT_EMIT_LOC_STRINGS = NO;
				SWIFT_VERSION = 5.0;
				TARGETED_DEVICE_FAMILY = "1,2";
				TEST_TARGET_NAME = ToDoListYa;
			};
			name = Debug;
		};
		8547BDA52A3D586500F3B7DA /* Release */ = {
			isa = XCBuildConfiguration;
			buildSettings = {
				ALWAYS_EMBED_SWIFT_STANDARD_LIBRARIES = YES;
				CODE_SIGN_STYLE = Automatic;
				CURRENT_PROJECT_VERSION = 1;
				DEVELOPMENT_TEAM = 4DHB28A3AA;
				GENERATE_INFOPLIST_FILE = YES;
				MARKETING_VERSION = 1.0;
				PRODUCT_BUNDLE_IDENTIFIER = KseniaKobak.ToDoListYaUITests;
				PRODUCT_NAME = "$(TARGET_NAME)";
				SWIFT_EMIT_LOC_STRINGS = NO;
				SWIFT_VERSION = 5.0;
				TARGETED_DEVICE_FAMILY = "1,2";
				TEST_TARGET_NAME = ToDoListYa;
			};
			name = Release;
		};
/* End XCBuildConfiguration section */

/* Begin XCConfigurationList section */
		8547BD6E2A3D586400F3B7DA /* Build configuration list for PBXProject "ToDoListYa" */ = {
			isa = XCConfigurationList;
			buildConfigurations = (
				8547BD9B2A3D586500F3B7DA /* Debug */,
				8547BD9C2A3D586500F3B7DA /* Release */,
			);
			defaultConfigurationIsVisible = 0;
			defaultConfigurationName = Release;
		};
		8547BD9D2A3D586500F3B7DA /* Build configuration list for PBXNativeTarget "ToDoListYa" */ = {
			isa = XCConfigurationList;
			buildConfigurations = (
				8547BD9E2A3D586500F3B7DA /* Debug */,
				8547BD9F2A3D586500F3B7DA /* Release */,
			);
			defaultConfigurationIsVisible = 0;
			defaultConfigurationName = Release;
		};
		8547BDA02A3D586500F3B7DA /* Build configuration list for PBXNativeTarget "ToDoListYaTests" */ = {
			isa = XCConfigurationList;
			buildConfigurations = (
				8547BDA12A3D586500F3B7DA /* Debug */,
				8547BDA22A3D586500F3B7DA /* Release */,
			);
			defaultConfigurationIsVisible = 0;
			defaultConfigurationName = Release;
		};
		8547BDA32A3D586500F3B7DA /* Build configuration list for PBXNativeTarget "ToDoListYaUITests" */ = {
			isa = XCConfigurationList;
			buildConfigurations = (
				8547BDA42A3D586500F3B7DA /* Debug */,
				8547BDA52A3D586500F3B7DA /* Release */,
			);
			defaultConfigurationIsVisible = 0;
			defaultConfigurationName = Release;
		};
/* End XCConfigurationList section */

/* Begin XCRemoteSwiftPackageReference section */
		85CC8DCF2A4A7E55009717EC /* XCRemoteSwiftPackageReference "CocoaLumberjack" */ = {
			isa = XCRemoteSwiftPackageReference;
			repositoryURL = "https://github.com/CocoaLumberjack/CocoaLumberjack";
			requirement = {
				kind = upToNextMajorVersion;
				minimumVersion = 3.0.0;
			};
		};
/* End XCRemoteSwiftPackageReference section */

/* Begin XCSwiftPackageProductDependency section */
		85CC8DD02A4A7E55009717EC /* CocoaLumberjack */ = {
			isa = XCSwiftPackageProductDependency;
			package = 85CC8DCF2A4A7E55009717EC /* XCRemoteSwiftPackageReference "CocoaLumberjack" */;
			productName = CocoaLumberjack;
		};
		85CC8DD22A4A7E55009717EC /* CocoaLumberjackSwift */ = {
			isa = XCSwiftPackageProductDependency;
			package = 85CC8DCF2A4A7E55009717EC /* XCRemoteSwiftPackageReference "CocoaLumberjack" */;
			productName = CocoaLumberjackSwift;
		};
		85CC8DD42A4A7E55009717EC /* CocoaLumberjackSwiftLogBackend */ = {
			isa = XCSwiftPackageProductDependency;
			package = 85CC8DCF2A4A7E55009717EC /* XCRemoteSwiftPackageReference "CocoaLumberjack" */;
			productName = CocoaLumberjackSwiftLogBackend;
		};
/* End XCSwiftPackageProductDependency section */
	};
	rootObject = 8547BD6B2A3D586400F3B7DA /* Project object */;
}
