PODS:
  - SwiftLint (0.52.3)
  - ToDoItemModule (1.0)

DEPENDENCIES:
  - SwiftLint
  - ToDoItemModule (from `Modules/ToDoItemModule`)

SPEC REPOS:
  trunk:
    - SwiftLint

EXTERNAL SOURCES:
  ToDoItemModule:
    :path: Modules/ToDoItemModule

SPEC CHECKSUMS:
  SwiftLint: 76ec9c62ad369cff2937474cb34c9af3fa270b7b
  ToDoItemModule: 4e84aa460830e295f8430b3cb76504d547e31c13

PODFILE CHECKSUM: c87ccf78e42cfe18069fee48a7d74aeab9da63c8

COCOAPODS: 1.12.1
